Microsoft Visual Studio Solution File, Format Version 12.00
# Visual Studio 2012
Project("{FAE04EC0-301F-11D3-BF4B-00C04F79EFBC}") = "wrens-c-sharp-godot-sharepack", "wrens-c-sharp-godot-sharepack.csproj", "{A2A0ECA8-6F1A-4E81-B901-65B78F82CF6A}"
EndProject
Global
	GlobalSection(SolutionConfigurationPlatforms) = preSolution
	Debug|Any CPU = Debug|Any CPU
	ExportDebug|Any CPU = ExportDebug|Any CPU
	ExportRelease|Any CPU = ExportRelease|Any CPU
	EndGlobalSection
	GlobalSection(ProjectConfigurationPlatforms) = postSolution
		{A2A0ECA8-6F1A-4E81-B901-65B78F82CF6A}.Debug|Any CPU.ActiveCfg = Debug|Any CPU
		{A2A0ECA8-6F1A-4E81-B901-65B78F82CF6A}.Debug|Any CPU.Build.0 = Debug|Any CPU
		{A2A0ECA8-6F1A-4E81-B901-65B78F82CF6A}.ExportDebug|Any CPU.ActiveCfg = ExportDebug|Any CPU
		{A2A0ECA8-6F1A-4E81-B901-65B78F82CF6A}.ExportDebug|Any CPU.Build.0 = ExportDebug|Any CPU
		{A2A0ECA8-6F1A-4E81-B901-65B78F82CF6A}.ExportRelease|Any CPU.ActiveCfg = ExportRelease|Any CPU
		{A2A0ECA8-6F1A-4E81-B901-65B78F82CF6A}.ExportRelease|Any CPU.Build.0 = ExportRelease|Any CPU
	EndGlobalSection
EndGlobal
